{
  "name": "capstone-1",
  "version": "1.0.0",
  "lockfileVersion": 1,
  "requires": true,
  "dependencies": {
    "three": {
      "version": "0.121.1",
      "resolved": "https://registry.npmjs.org/three/-/three-0.121.1.tgz",
      "integrity": "sha512-+rYhNpW5W1aBdLkPQDld/GA4Sj/uOKJJKVpCAZUbpk/HZEiYRUlPt8+s+9nmxRglWmRHdBa3ERvUwqg4nmoA5w=="
    },
    "three-fly-controls": {
      "version": "2.0.0",
      "resolved": "https://registry.npmjs.org/three-fly-controls/-/three-fly-controls-2.0.0.tgz",
      "integrity": "sha512-0Ef+gtqprBBo8/7CRB0r4rLM02Y7GjUBeQ36D1G63nRQGXgBrh1H/yMUWRDz5586Z0bdzg+STUhiv8kSmPD58w=="
    }
  }
}
